
Microsoft Visual Studio Solution File, Format Version 12.00
Project("{FAE04EC0-301F-11D3-BF4B-00C04F79EFBC}") = "WebApplication1", "WebApplication1\WebApplication1.csproj", "{0D50DAEE-B6B9-4998-A674-479E38B913B7}"
EndProject
Project("{FAE04EC0-301F-11D3-BF4B-00C04F79EFBC}") = "Gen", "Gen\Gen.csproj", "{EDE78C17-24A7-4F8D-A556-73A4F24D652B}"
EndProject
Global
	GlobalSection(SolutionConfigurationPlatforms) = preSolution
		Debug|Any CPU = Debug|Any CPU
		Release|Any CPU = Release|Any CPU
	EndGlobalSection
	GlobalSection(ProjectConfigurationPlatforms) = postSolution
		{0D50DAEE-B6B9-4998-A674-479E38B913B7}.Debug|Any CPU.ActiveCfg = Debug|Any CPU
		{0D50DAEE-B6B9-4998-A674-479E38B913B7}.Debug|Any CPU.Build.0 = Debug|Any CPU
		{0D50DAEE-B6B9-4998-A674-479E38B913B7}.Release|Any CPU.ActiveCfg = Release|Any CPU
		{0D50DAEE-B6B9-4998-A674-479E38B913B7}.Release|Any CPU.Build.0 = Release|Any CPU
		{EDE78C17-24A7-4F8D-A556-73A4F24D652B}.Debug|Any CPU.ActiveCfg = Debug|Any CPU
		{EDE78C17-24A7-4F8D-A556-73A4F24D652B}.Debug|Any CPU.Build.0 = Debug|Any CPU
		{EDE78C17-24A7-4F8D-A556-73A4F24D652B}.Release|Any CPU.ActiveCfg = Release|Any CPU
		{EDE78C17-24A7-4F8D-A556-73A4F24D652B}.Release|Any CPU.Build.0 = Release|Any CPU
	EndGlobalSection
EndGlobal
